// !$*UTF8*$!
{
	archiveVersion = 1;
	classes = {
	};
	objectVersion = 48;
	objects = {

/* Begin PBXBuildFile section */
		7999E6A02018F14900D3C7E1 /* displayDetailsViewController.swift in Sources */ = {isa = PBXBuildFile; fileRef = 7999E69F2018F14900D3C7E1 /* displayDetailsViewController.swift */; };
		79B4ED411FEB26FE00B1BEF6 /* donateViewController.swift in Sources */ = {isa = PBXBuildFile; fileRef = 79B4ED401FEB26FE00B1BEF6 /* donateViewController.swift */; };
		79B4ED431FEB271300B1BEF6 /* recieveViewController.swift in Sources */ = {isa = PBXBuildFile; fileRef = 79B4ED421FEB271300B1BEF6 /* recieveViewController.swift */; };
		79D22FFB1FEDB647001E5FE0 /* CoreLocation.framework in Frameworks */ = {isa = PBXBuildFile; fileRef = 79D22FFA1FEDB647001E5FE0 /* CoreLocation.framework */; };
		79F14323201592BD004A52DE /* CellDisplay.swift in Sources */ = {isa = PBXBuildFile; fileRef = 79F14322201592BD004A52DE /* CellDisplay.swift */; };
		79F14325201592F6004A52DE /* displayTableViewController.swift in Sources */ = {isa = PBXBuildFile; fileRef = 79F14324201592F6004A52DE /* displayTableViewController.swift */; };
		79F91D1A1FE73BF900F873B0 /* AppDelegate.swift in Sources */ = {isa = PBXBuildFile; fileRef = 79F91D191FE73BF900F873B0 /* AppDelegate.swift */; };
		79F91D1C1FE73BF900F873B0 /* ViewController.swift in Sources */ = {isa = PBXBuildFile; fileRef = 79F91D1B1FE73BF900F873B0 /* ViewController.swift */; };
		79F91D1F1FE73BF900F873B0 /* Main.storyboard in Resources */ = {isa = PBXBuildFile; fileRef = 79F91D1D1FE73BF900F873B0 /* Main.storyboard */; };
		79F91D211FE73BF900F873B0 /* Assets.xcassets in Resources */ = {isa = PBXBuildFile; fileRef = 79F91D201FE73BF900F873B0 /* Assets.xcassets */; };
		79F91D241FE73BF900F873B0 /* LaunchScreen.storyboard in Resources */ = {isa = PBXBuildFile; fileRef = 79F91D221FE73BF900F873B0 /* LaunchScreen.storyboard */; };
		79F91D2F1FE73BF900F873B0 /* bloodDonationAppTests.swift in Sources */ = {isa = PBXBuildFile; fileRef = 79F91D2E1FE73BF900F873B0 /* bloodDonationAppTests.swift */; };
		79F91D3A1FE73BF900F873B0 /* bloodDonationAppUITests.swift in Sources */ = {isa = PBXBuildFile; fileRef = 79F91D391FE73BF900F873B0 /* bloodDonationAppUITests.swift */; };
		79F91D481FE7503900F873B0 /* bloodDropImage.jpg in Resources */ = {isa = PBXBuildFile; fileRef = 79F91D471FE7503900F873B0 /* bloodDropImage.jpg */; };
		EB98E870DA7DDC3249DC00B3 /* Pods_bloodDonationApp.framework in Frameworks */ = {isa = PBXBuildFile; fileRef = 3B4B9E89EFB9542030DE83FE /* Pods_bloodDonationApp.framework */; };
/* End PBXBuildFile section */

/* Begin PBXContainerItemProxy section */
		79F91D2B1FE73BF900F873B0 /* PBXContainerItemProxy */ = {
			isa = PBXContainerItemProxy;
			containerPortal = 79F91D0E1FE73BF900F873B0 /* Project object */;
			proxyType = 1;
			remoteGlobalIDString = 79F91D151FE73BF900F873B0;
			remoteInfo = bloodDonationApp;
		};
		79F91D361FE73BF900F873B0 /* PBXContainerItemProxy */ = {
			isa = PBXContainerItemProxy;
			containerPortal = 79F91D0E1FE73BF900F873B0 /* Project object */;
			proxyType = 1;
			remoteGlobalIDString = 79F91D151FE73BF900F873B0;
			remoteInfo = bloodDonationApp;
		};
/* End PBXContainerItemProxy section */

/* Begin PBXFileReference section */
		3B4B9E89EFB9542030DE83FE /* Pods_bloodDonationApp.framework */ = {isa = PBXFileReference; explicitFileType = wrapper.framework; includeInIndex = 0; path = Pods_bloodDonationApp.framework; sourceTree = BUILT_PRODUCTS_DIR; };
		5D8F07D61FEF06E0C6796483 /* Pods-bloodDonationApp.debug.xcconfig */ = {isa = PBXFileReference; includeInIndex = 1; lastKnownFileType = text.xcconfig; name = "Pods-bloodDonationApp.debug.xcconfig"; path = "Pods/Target Support Files/Pods-bloodDonationApp/Pods-bloodDonationApp.debug.xcconfig"; sourceTree = "<group>"; };
		7999E69F2018F14900D3C7E1 /* displayDetailsViewController.swift */ = {isa = PBXFileReference; lastKnownFileType = sourcecode.swift; path = displayDetailsViewController.swift; sourceTree = "<group>"; };
		79B4ED401FEB26FE00B1BEF6 /* donateViewController.swift */ = {isa = PBXFileReference; lastKnownFileType = sourcecode.swift; path = donateViewController.swift; sourceTree = "<group>"; };
		79B4ED421FEB271300B1BEF6 /* recieveViewController.swift */ = {isa = PBXFileReference; lastKnownFileType = sourcecode.swift; path = recieveViewController.swift; sourceTree = "<group>"; };
		79D22FFA1FEDB647001E5FE0 /* CoreLocation.framework */ = {isa = PBXFileReference; lastKnownFileType = wrapper.framework; name = CoreLocation.framework; path = System/Library/Frameworks/CoreLocation.framework; sourceTree = SDKROOT; };
		79F14322201592BD004A52DE /* CellDisplay.swift */ = {isa = PBXFileReference; lastKnownFileType = sourcecode.swift; path = CellDisplay.swift; sourceTree = "<group>"; };
		79F14324201592F6004A52DE /* displayTableViewController.swift */ = {isa = PBXFileReference; lastKnownFileType = sourcecode.swift; path = displayTableViewController.swift; sourceTree = "<group>"; };
		79F91D161FE73BF900F873B0 /* bloodDonationApp.app */ = {isa = PBXFileReference; explicitFileType = wrapper.application; includeInIndex = 0; path = bloodDonationApp.app; sourceTree = BUILT_PRODUCTS_DIR; };
		79F91D191FE73BF900F873B0 /* AppDelegate.swift */ = {isa = PBXFileReference; lastKnownFileType = sourcecode.swift; path = AppDelegate.swift; sourceTree = "<group>"; };
		79F91D1B1FE73BF900F873B0 /* ViewController.swift */ = {isa = PBXFileReference; lastKnownFileType = sourcecode.swift; path = ViewController.swift; sourceTree = "<group>"; };
		79F91D1E1FE73BF900F873B0 /* Base */ = {isa = PBXFileReference; lastKnownFileType = file.storyboard; name = Base; path = Base.lproj/Main.storyboard; sourceTree = "<group>"; };
		79F91D201FE73BF900F873B0 /* Assets.xcassets */ = {isa = PBXFileReference; lastKnownFileType = folder.assetcatalog; path = Assets.xcassets; sourceTree = "<group>"; };
		79F91D231FE73BF900F873B0 /* Base */ = {isa = PBXFileReference; lastKnownFileType = file.storyboard; name = Base; path = Base.lproj/LaunchScreen.storyboard; sourceTree = "<group>"; };
		79F91D251FE73BF900F873B0 /* Info.plist */ = {isa = PBXFileReference; lastKnownFileType = text.plist.xml; path = Info.plist; sourceTree = "<group>"; };
		79F91D2A1FE73BF900F873B0 /* bloodDonationAppTests.xctest */ = {isa = PBXFileReference; explicitFileType = wrapper.cfbundle; includeInIndex = 0; path = bloodDonationAppTests.xctest; sourceTree = BUILT_PRODUCTS_DIR; };
		79F91D2E1FE73BF900F873B0 /* bloodDonationAppTests.swift */ = {isa = PBXFileReference; lastKnownFileType = sourcecode.swift; path = bloodDonationAppTests.swift; sourceTree = "<group>"; };
		79F91D301FE73BF900F873B0 /* Info.plist */ = {isa = PBXFileReference; lastKnownFileType = text.plist.xml; path = Info.plist; sourceTree = "<group>"; };
		79F91D351FE73BF900F873B0 /* bloodDonationAppUITests.xctest */ = {isa = PBXFileReference; explicitFileType = wrapper.cfbundle; includeInIndex = 0; path = bloodDonationAppUITests.xctest; sourceTree = BUILT_PRODUCTS_DIR; };
		79F91D391FE73BF900F873B0 /* bloodDonationAppUITests.swift */ = {isa = PBXFileReference; lastKnownFileType = sourcecode.swift; path = bloodDonationAppUITests.swift; sourceTree = "<group>"; };
		79F91D3B1FE73BF900F873B0 /* Info.plist */ = {isa = PBXFileReference; lastKnownFileType = text.plist.xml; path = Info.plist; sourceTree = "<group>"; };
		79F91D471FE7503900F873B0 /* bloodDropImage.jpg */ = {isa = PBXFileReference; lastKnownFileType = image.jpeg; path = bloodDropImage.jpg; sourceTree = "<group>"; };
		FC6BF203B248F2C6363B9A00 /* Pods-bloodDonationApp.release.xcconfig */ = {isa = PBXFileReference; includeInIndex = 1; lastKnownFileType = text.xcconfig; name = "Pods-bloodDonationApp.release.xcconfig"; path = "Pods/Target Support Files/Pods-bloodDonationApp/Pods-bloodDonationApp.release.xcconfig"; sourceTree = "<group>"; };
/* End PBXFileReference section */

/* Begin PBXFrameworksBuildPhase section */
		79F91D131FE73BF900F873B0 /* Frameworks */ = {
			isa = PBXFrameworksBuildPhase;
			buildActionMask = 2147483647;
			files = (
				79D22FFB1FEDB647001E5FE0 /* CoreLocation.framework in Frameworks */,
				EB98E870DA7DDC3249DC00B3 /* Pods_bloodDonationApp.framework in Frameworks */,
			);
			runOnlyForDeploymentPostprocessing = 0;
		};
		79F91D271FE73BF900F873B0 /* Frameworks */ = {
			isa = PBXFrameworksBuildPhase;
			buildActionMask = 2147483647;
			files = (
			);
			runOnlyForDeploymentPostprocessing = 0;
		};
		79F91D321FE73BF900F873B0 /* Frameworks */ = {
			isa = PBXFrameworksBuildPhase;
			buildActionMask = 2147483647;
			files = (
			);
			runOnlyForDeploymentPostprocessing = 0;
		};
/* End PBXFrameworksBuildPhase section */

/* Begin PBXGroup section */
		1927DDBF3672AA2F41289035 /* Frameworks */ = {
			isa = PBXGroup;
			children = (
				79D22FFA1FEDB647001E5FE0 /* CoreLocation.framework */,
				3B4B9E89EFB9542030DE83FE /* Pods_bloodDonationApp.framework */,
			);
			name = Frameworks;
			sourceTree = "<group>";
		};
		79F91D0D1FE73BF900F873B0 = {
			isa = PBXGroup;
			children = (
				79F91D181FE73BF900F873B0 /* bloodDonationApp */,
				79F91D2D1FE73BF900F873B0 /* bloodDonationAppTests */,
				79F91D381FE73BF900F873B0 /* bloodDonationAppUITests */,
				79F91D171FE73BF900F873B0 /* Products */,
				B3B4DE11D6C4E34292D10077 /* Pods */,
				1927DDBF3672AA2F41289035 /* Frameworks */,
			);
			sourceTree = "<group>";
		};
		79F91D171FE73BF900F873B0 /* Products */ = {
			isa = PBXGroup;
			children = (
				79F91D161FE73BF900F873B0 /* bloodDonationApp.app */,
				79F91D2A1FE73BF900F873B0 /* bloodDonationAppTests.xctest */,
				79F91D351FE73BF900F873B0 /* bloodDonationAppUITests.xctest */,
			);
			name = Products;
			sourceTree = "<group>";
		};
		79F91D181FE73BF900F873B0 /* bloodDonationApp */ = {
			isa = PBXGroup;
			children = (
				79F91D191FE73BF900F873B0 /* AppDelegate.swift */,
				79F91D1B1FE73BF900F873B0 /* ViewController.swift */,
				79B4ED401FEB26FE00B1BEF6 /* donateViewController.swift */,
				79B4ED421FEB271300B1BEF6 /* recieveViewController.swift */,
				79F14322201592BD004A52DE /* CellDisplay.swift */,
				79F14324201592F6004A52DE /* displayTableViewController.swift */,
				7999E69F2018F14900D3C7E1 /* displayDetailsViewController.swift */,
				79F91D1D1FE73BF900F873B0 /* Main.storyboard */,
				79F91D201FE73BF900F873B0 /* Assets.xcassets */,
				79F91D221FE73BF900F873B0 /* LaunchScreen.storyboard */,
				79F91D471FE7503900F873B0 /* bloodDropImage.jpg */,
				79F91D251FE73BF900F873B0 /* Info.plist */,
			);
			path = bloodDonationApp;
			sourceTree = "<group>";
		};
		79F91D2D1FE73BF900F873B0 /* bloodDonationAppTests */ = {
			isa = PBXGroup;
			children = (
				79F91D2E1FE73BF900F873B0 /* bloodDonationAppTests.swift */,
				79F91D301FE73BF900F873B0 /* Info.plist */,
			);
			path = bloodDonationAppTests;
			sourceTree = "<group>";
		};
		79F91D381FE73BF900F873B0 /* bloodDonationAppUITests */ = {
			isa = PBXGroup;
			children = (
				79F91D391FE73BF900F873B0 /* bloodDonationAppUITests.swift */,
				79F91D3B1FE73BF900F873B0 /* Info.plist */,
			);
			path = bloodDonationAppUITests;
			sourceTree = "<group>";
		};
		B3B4DE11D6C4E34292D10077 /* Pods */ = {
			isa = PBXGroup;
			children = (
				5D8F07D61FEF06E0C6796483 /* Pods-bloodDonationApp.debug.xcconfig */,
				FC6BF203B248F2C6363B9A00 /* Pods-bloodDonationApp.release.xcconfig */,
			);
			name = Pods;
			sourceTree = "<group>";
		};
/* End PBXGroup section */

/* Begin PBXNativeTarget section */
		79F91D151FE73BF900F873B0 /* bloodDonationApp */ = {
			isa = PBXNativeTarget;
			buildConfigurationList = 79F91D3E1FE73BF900F873B0 /* Build configuration list for PBXNativeTarget "bloodDonationApp" */;
			buildPhases = (
				CCE37F789F58310ED5E36E7C /* [CP] Check Pods Manifest.lock */,
				79F91D121FE73BF900F873B0 /* Sources */,
				79F91D131FE73BF900F873B0 /* Frameworks */,
				79F91D141FE73BF900F873B0 /* Resources */,
				DD261C2D8D4A83EDC1BDF75E /* [CP] Embed Pods Frameworks */,
				9B5083B72DC89F262583198D /* [CP] Copy Pods Resources */,
			);
			buildRules = (
			);
			dependencies = (
			);
			name = bloodDonationApp;
			productName = bloodDonationApp;
			productReference = 79F91D161FE73BF900F873B0 /* bloodDonationApp.app */;
			productType = "com.apple.product-type.application";
		};
		79F91D291FE73BF900F873B0 /* bloodDonationAppTests */ = {
			isa = PBXNativeTarget;
			buildConfigurationList = 79F91D411FE73BF900F873B0 /* Build configuration list for PBXNativeTarget "bloodDonationAppTests" */;
			buildPhases = (
				79F91D261FE73BF900F873B0 /* Sources */,
				79F91D271FE73BF900F873B0 /* Frameworks */,
				79F91D281FE73BF900F873B0 /* Resources */,
			);
			buildRules = (
			);
			dependencies = (
				79F91D2C1FE73BF900F873B0 /* PBXTargetDependency */,
			);
			name = bloodDonationAppTests;
			productName = bloodDonationAppTests;
			productReference = 79F91D2A1FE73BF900F873B0 /* bloodDonationAppTests.xctest */;
			productType = "com.apple.product-type.bundle.unit-test";
		};
		79F91D341FE73BF900F873B0 /* bloodDonationAppUITests */ = {
			isa = PBXNativeTarget;
			buildConfigurationList = 79F91D441FE73BF900F873B0 /* Build configuration list for PBXNativeTarget "bloodDonationAppUITests" */;
			buildPhases = (
				79F91D311FE73BF900F873B0 /* Sources */,
				79F91D321FE73BF900F873B0 /* Frameworks */,
				79F91D331FE73BF900F873B0 /* Resources */,
			);
			buildRules = (
			);
			dependencies = (
				79F91D371FE73BF900F873B0 /* PBXTargetDependency */,
			);
			name = bloodDonationAppUITests;
			productName = bloodDonationAppUITests;
			productReference = 79F91D351FE73BF900F873B0 /* bloodDonationAppUITests.xctest */;
			productType = "com.apple.product-type.bundle.ui-testing";
		};
/* End PBXNativeTarget section */

/* Begin PBXProject section */
		79F91D0E1FE73BF900F873B0 /* Project object */ = {
			isa = PBXProject;
			attributes = {
				LastSwiftUpdateCheck = 0920;
				LastUpgradeCheck = 0920;
				ORGANIZATIONNAME = "Rahul Avale";
				TargetAttributes = {
					79F91D151FE73BF900F873B0 = {
						CreatedOnToolsVersion = 9.2;
						ProvisioningStyle = Automatic;
					};
					79F91D291FE73BF900F873B0 = {
						CreatedOnToolsVersion = 9.2;
						ProvisioningStyle = Automatic;
						TestTargetID = 79F91D151FE73BF900F873B0;
					};
					79F91D341FE73BF900F873B0 = {
						CreatedOnToolsVersion = 9.2;
						ProvisioningStyle = Automatic;
						TestTargetID = 79F91D151FE73BF900F873B0;
					};
				};
			};
			buildConfigurationList = 79F91D111FE73BF900F873B0 /* Build configuration list for PBXProject "bloodDonationApp" */;
			compatibilityVersion = "Xcode 8.0";
			developmentRegion = en;
			hasScannedForEncodings = 0;
			knownRegions = (
				en,
				Base,
			);
			mainGroup = 79F91D0D1FE73BF900F873B0;
			productRefGroup = 79F91D171FE73BF900F873B0 /* Products */;
			projectDirPath = "";
			projectRoot = "";
			targets = (
				79F91D151FE73BF900F873B0 /* bloodDonationApp */,
				79F91D291FE73BF900F873B0 /* bloodDonationAppTests */,
				79F91D341FE73BF900F873B0 /* bloodDonationAppUITests */,
			);
		};
/* End PBXProject section */

/* Begin PBXResourcesBuildPhase section */
		79F91D141FE73BF900F873B0 /* Resources */ = {
			isa = PBXResourcesBuildPhase;
			buildActionMask = 2147483647;
			files = (
				79F91D241FE73BF900F873B0 /* LaunchScreen.storyboard in Resources */,
				79F91D481FE7503900F873B0 /* bloodDropImage.jpg in Resources */,
				79F91D211FE73BF900F873B0 /* Assets.xcassets in Resources */,
				79F91D1F1FE73BF900F873B0 /* Main.storyboard in Resources */,
			);
			runOnlyForDeploymentPostprocessing = 0;
		};
		79F91D281FE73BF900F873B0 /* Resources */ = {
			isa = PBXResourcesBuildPhase;
			buildActionMask = 2147483647;
			files = (
			);
			runOnlyForDeploymentPostprocessing = 0;
		};
		79F91D331FE73BF900F873B0 /* Resources */ = {
			isa = PBXResourcesBuildPhase;
			buildActionMask = 2147483647;
			files = (
			);
			runOnlyForDeploymentPostprocessing = 0;
		};
/* End PBXResourcesBuildPhase section */

/* Begin PBXShellScriptBuildPhase section */
		9B5083B72DC89F262583198D /* [CP] Copy Pods Resources */ = {
			isa = PBXShellScriptBuildPhase;
			buildActionMask = 2147483647;
			files = (
			);
			inputPaths = (
			);
			name = "[CP] Copy Pods Resources";
			outputPaths = (
			);
			runOnlyForDeploymentPostprocessing = 0;
			shellPath = /bin/sh;
			shellScript = "\"${SRCROOT}/Pods/Target Support Files/Pods-bloodDonationApp/Pods-bloodDonationApp-resources.sh\"\n";
			showEnvVarsInLog = 0;
		};
		CCE37F789F58310ED5E36E7C /* [CP] Check Pods Manifest.lock */ = {
			isa = PBXShellScriptBuildPhase;
			buildActionMask = 2147483647;
			files = (
			);
			inputPaths = (
				"${PODS_PODFILE_DIR_PATH}/Podfile.lock",
				"${PODS_ROOT}/Manifest.lock",
			);
			name = "[CP] Check Pods Manifest.lock";
			outputPaths = (
				"$(DERIVED_FILE_DIR)/Pods-bloodDonationApp-checkManifestLockResult.txt",
			);
			runOnlyForDeploymentPostprocessing = 0;
			shellPath = /bin/sh;
			shellScript = "diff \"${PODS_PODFILE_DIR_PATH}/Podfile.lock\" \"${PODS_ROOT}/Manifest.lock\" > /dev/null\nif [ $? != 0 ] ; then\n    # print error to STDERR\n    echo \"error: The sandbox is not in sync with the Podfile.lock. Run 'pod install' or update your CocoaPods installation.\" >&2\n    exit 1\nfi\n# This output is used by Xcode 'outputs' to avoid re-running this script phase.\necho \"SUCCESS\" > \"${SCRIPT_OUTPUT_FILE_0}\"\n";
			showEnvVarsInLog = 0;
		};
		DD261C2D8D4A83EDC1BDF75E /* [CP] Embed Pods Frameworks */ = {
			isa = PBXShellScriptBuildPhase;
			buildActionMask = 2147483647;
			files = (
			);
			inputPaths = (
				"${SRCROOT}/Pods/Target Support Files/Pods-bloodDonationApp/Pods-bloodDonationApp-frameworks.sh",
				"${BUILT_PRODUCTS_DIR}/Bolts/Bolts.framework",
				"${BUILT_PRODUCTS_DIR}/Parse/Parse.framework",
				"${BUILT_PRODUCTS_DIR}/ParseUI/ParseUI.framework",
			);
			name = "[CP] Embed Pods Frameworks";
			outputPaths = (
				"${TARGET_BUILD_DIR}/${FRAMEWORKS_FOLDER_PATH}/Bolts.framework",
				"${TARGET_BUILD_DIR}/${FRAMEWORKS_FOLDER_PATH}/Parse.framework",
				"${TARGET_BUILD_DIR}/${FRAMEWORKS_FOLDER_PATH}/ParseUI.framework",
			);
			runOnlyForDeploymentPostprocessing = 0;
			shellPath = /bin/sh;
			shellScript = "\"${SRCROOT}/Pods/Target Support Files/Pods-bloodDonationApp/Pods-bloodDonationApp-frameworks.sh\"\n";
			showEnvVarsInLog = 0;
		};
/* End PBXShellScriptBuildPhase section */

/* Begin PBXSourcesBuildPhase section */
		79F91D121FE73BF900F873B0 /* Sources */ = {
			isa = PBXSourcesBuildPhase;
			buildActionMask = 2147483647;
			files = (
				79F14323201592BD004A52DE /* CellDisplay.swift in Sources */,
				79B4ED431FEB271300B1BEF6 /* recieveViewController.swift in Sources */,
				79F91D1C1FE73BF900F873B0 /* ViewController.swift in Sources */,
				7999E6A02018F14900D3C7E1 /* displayDetailsViewController.swift in Sources */,
				79F91D1A1FE73BF900F873B0 /* AppDelegate.swift in Sources */,
				79F14325201592F6004A52DE /* displayTableViewController.swift in Sources */,
				79B4ED411FEB26FE00B1BEF6 /* donateViewController.swift in Sources */,
			);
			runOnlyForDeploymentPostprocessing = 0;
		};
		79F91D261FE73BF900F873B0 /* Sources */ = {
			isa = PBXSourcesBuildPhase;
			buildActionMask = 2147483647;
			files = (
				79F91D2F1FE73BF900F873B0 /* bloodDonationAppTests.swift in Sources */,
			);
			runOnlyForDeploymentPostprocessing = 0;
		};
		79F91D311FE73BF900F873B0 /* Sources */ = {
			isa = PBXSourcesBuildPhase;
			buildActionMask = 2147483647;
			files = (
				79F91D3A1FE73BF900F873B0 /* bloodDonationAppUITests.swift in Sources */,
			);
			runOnlyForDeploymentPostprocessing = 0;
		};
/* End PBXSourcesBuildPhase section */

/* Begin PBXTargetDependency section */
		79F91D2C1FE73BF900F873B0 /* PBXTargetDependency */ = {
			isa = PBXTargetDependency;
			target = 79F91D151FE73BF900F873B0 /* bloodDonationApp */;
			targetProxy = 79F91D2B1FE73BF900F873B0 /* PBXContainerItemProxy */;
		};
		79F91D371FE73BF900F873B0 /* PBXTargetDependency */ = {
			isa = PBXTargetDependency;
			target = 79F91D151FE73BF900F873B0 /* bloodDonationApp */;
			targetProxy = 79F91D361FE73BF900F873B0 /* PBXContainerItemProxy */;
		};
/* End PBXTargetDependency section */

/* Begin PBXVariantGroup section */
		79F91D1D1FE73BF900F873B0 /* Main.storyboard */ = {
			isa = PBXVariantGroup;
			children = (
				79F91D1E1FE73BF900F873B0 /* Base */,
			);
			name = Main.storyboard;
			sourceTree = "<group>";
		};
		79F91D221FE73BF900F873B0 /* LaunchScreen.storyboard */ = {
			isa = PBXVariantGroup;
			children = (
				79F91D231FE73BF900F873B0 /* Base */,
			);
			name = LaunchScreen.storyboard;
			sourceTree = "<group>";
		};
/* End PBXVariantGroup section */

/* Begin XCBuildConfiguration section */
		79F91D3C1FE73BF900F873B0 /* Debug */ = {
			isa = XCBuildConfiguration;
			buildSettings = {
				ALWAYS_SEARCH_USER_PATHS = NO;
				CLANG_ANALYZER_NONNULL = YES;
				CLANG_ANALYZER_NUMBER_OBJECT_CONVERSION = YES_AGGRESSIVE;
				CLANG_CXX_LANGUAGE_STANDARD = "gnu++14";
				CLANG_CXX_LIBRARY = "libc++";
				CLANG_ENABLE_MODULES = YES;
				CLANG_ENABLE_OBJC_ARC = YES;
				CLANG_WARN_BLOCK_CAPTURE_AUTORELEASING = YES;
				CLANG_WARN_BOOL_CONVERSION = YES;
				CLANG_WARN_COMMA = YES;
				CLANG_WARN_CONSTANT_CONVERSION = YES;
				CLANG_WARN_DIRECT_OBJC_ISA_USAGE = YES_ERROR;
				CLANG_WARN_DOCUMENTATION_COMMENTS = YES;
				CLANG_WARN_EMPTY_BODY = YES;
				CLANG_WARN_ENUM_CONVERSION = YES;
				CLANG_WARN_INFINITE_RECURSION = YES;
				CLANG_WARN_INT_CONVERSION = YES;
				CLANG_WARN_NON_LITERAL_NULL_CONVERSION = YES;
				CLANG_WARN_OBJC_LITERAL_CONVERSION = YES;
				CLANG_WARN_OBJC_ROOT_CLASS = YES_ERROR;
				CLANG_WARN_RANGE_LOOP_ANALYSIS = YES;
				CLANG_WARN_STRICT_PROTOTYPES = YES;
				CLANG_WARN_SUSPICIOUS_MOVE = YES;
				CLANG_WARN_UNGUARDED_AVAILABILITY = YES_AGGRESSIVE;
				CLANG_WARN_UNREACHABLE_CODE = YES;
				CLANG_WARN__DUPLICATE_METHOD_MATCH = YES;
				CODE_SIGN_IDENTITY = "iPhone Developer";
				COPY_PHASE_STRIP = NO;
				DEBUG_INFORMATION_FORMAT = dwarf;
				ENABLE_STRICT_OBJC_MSGSEND = YES;
				ENABLE_TESTABILITY = YES;
				GCC_C_LANGUAGE_STANDARD = gnu11;
				GCC_DYNAMIC_NO_PIC = NO;
				GCC_NO_COMMON_BLOCKS = YES;
				GCC_OPTIMIZATION_LEVEL = 0;
				GCC_PREPROCESSOR_DEFINITIONS = (
					"DEBUG=1",
					"$(inherited)",
				);
				GCC_WARN_64_TO_32_BIT_CONVERSION = YES;
				GCC_WARN_ABOUT_RETURN_TYPE = YES_ERROR;
				GCC_WARN_UNDECLARED_SELECTOR = YES;
				GCC_WARN_UNINITIALIZED_AUTOS = YES_AGGRESSIVE;
				GCC_WARN_UNUSED_FUNCTION = YES;
				GCC_WARN_UNUSED_VARIABLE = YES;
				IPHONEOS_DEPLOYMENT_TARGET = 11.2;
				MTL_ENABLE_DEBUG_INFO = YES;
				ONLY_ACTIVE_ARCH = YES;
				SDKROOT = iphoneos;
				SWIFT_ACTIVE_COMPILATION_CONDITIONS = DEBUG;
				SWIFT_OPTIMIZATION_LEVEL = "-Onone";
			};
			name = Debug;
		};
		79F91D3D1FE73BF900F873B0 /* Release */ = {
			isa = XCBuildConfiguration;
			buildSettings = {
				ALWAYS_SEARCH_USER_PATHS = NO;
				CLANG_ANALYZER_NONNULL = YES;
				CLANG_ANALYZER_NUMBER_OBJECT_CONVERSION = YES_AGGRESSIVE;
				CLANG_CXX_LANGUAGE_STANDARD = "gnu++14";
				CLANG_CXX_LIBRARY = "libc++";
				CLANG_ENABLE_MODULES = YES;
				CLANG_ENABLE_OBJC_ARC = YES;
				CLANG_WARN_BLOCK_CAPTURE_AUTORELEASING = YES;
				CLANG_WARN_BOOL_CONVERSION = YES;
				CLANG_WARN_COMMA = YES;
				CLANG_WARN_CONSTANT_CONVERSION = YES;
				CLANG_WARN_DIRECT_OBJC_ISA_USAGE = YES_ERROR;
				CLANG_WARN_DOCUMENTATION_COMMENTS = YES;
				CLANG_WARN_EMPTY_BODY = YES;
				CLANG_WARN_ENUM_CONVERSION = YES;
				CLANG_WARN_INFINITE_RECURSION = YES;
				CLANG_WARN_INT_CONVERSION = YES;
				CLANG_WARN_NON_LITERAL_NULL_CONVERSION = YES;
				CLANG_WARN_OBJC_LITERAL_CONVERSION = YES;
				CLANG_WARN_OBJC_ROOT_CLASS = YES_ERROR;
				CLANG_WARN_RANGE_LOOP_ANALYSIS = YES;
				CLANG_WARN_STRICT_PROTOTYPES = YES;
				CLANG_WARN_SUSPICIOUS_MOVE = YES;
				CLANG_WARN_UNGUARDED_AVAILABILITY = YES_AGGRESSIVE;
				CLANG_WARN_UNREACHABLE_CODE = YES;
				CLANG_WARN__DUPLICATE_METHOD_MATCH = YES;
				CODE_SIGN_IDENTITY = "iPhone Developer";
				COPY_PHASE_STRIP = NO;
				DEBUG_INFORMATION_FORMAT = "dwarf-with-dsym";
				ENABLE_NS_ASSERTIONS = NO;
				ENABLE_STRICT_OBJC_MSGSEND = YES;
				GCC_C_LANGUAGE_STANDARD = gnu11;
				GCC_NO_COMMON_BLOCKS = YES;
				GCC_WARN_64_TO_32_BIT_CONVERSION = YES;
				GCC_WARN_ABOUT_RETURN_TYPE = YES_ERROR;
				GCC_WARN_UNDECLARED_SELECTOR = YES;
				GCC_WARN_UNINITIALIZED_AUTOS = YES_AGGRESSIVE;
				GCC_WARN_UNUSED_FUNCTION = YES;
				GCC_WARN_UNUSED_VARIABLE = YES;
				IPHONEOS_DEPLOYMENT_TARGET = 11.2;
				MTL_ENABLE_DEBUG_INFO = NO;
				SDKROOT = iphoneos;
				SWIFT_OPTIMIZATION_LEVEL = "-Owholemodule";
				VALIDATE_PRODUCT = YES;
			};
			name = Release;
		};
		79F91D3F1FE73BF900F873B0 /* Debug */ = {
			isa = XCBuildConfiguration;
			baseConfigurationReference = 5D8F07D61FEF06E0C6796483 /* Pods-bloodDonationApp.debug.xcconfig */;
			buildSettings = {
				ASSETCATALOG_COMPILER_APPICON_NAME = AppIcon;
				CODE_SIGN_STYLE = Automatic;
				INFOPLIST_FILE = bloodDonationApp/Info.plist;
				LD_RUNPATH_SEARCH_PATHS = "$(inherited) @executable_path/Frameworks";
				PRODUCT_BUNDLE_IDENTIFIER = rahulAvale.bloodDonationApp;
				PRODUCT_NAME = "$(TARGET_NAME)";
				SWIFT_VERSION = 4.0;
				TARGETED_DEVICE_FAMILY = "1,2";
			};
			name = Debug;
		};
		79F91D401FE73BF900F873B0 /* Release */ = {
			isa = XCBuildConfiguration;
			baseConfigurationReference = FC6BF203B248F2C6363B9A00 /* Pods-bloodDonationApp.release.xcconfig */;
			buildSettings = {
				ASSETCATALOG_COMPILER_APPICON_NAME = AppIcon;
				CODE_SIGN_STYLE = Automatic;
				INFOPLIST_FILE = bloodDonationApp/Info.plist;
				LD_RUNPATH_SEARCH_PATHS = "$(inherited) @executable_path/Frameworks";
				PRODUCT_BUNDLE_IDENTIFIER = rahulAvale.bloodDonationApp;
				PRODUCT_NAME = "$(TARGET_NAME)";
				SWIFT_VERSION = 4.0;
				TARGETED_DEVICE_FAMILY = "1,2";
			};
			name = Release;
		};
		79F91D421FE73BF900F873B0 /* Debug */ = {
			isa = XCBuildConfiguration;
			buildSettings = {
				ALWAYS_EMBED_SWIFT_STANDARD_LIBRARIES = YES;
				BUNDLE_LOADER = "$(TEST_HOST)";
				CODE_SIGN_STYLE = Automatic;
				INFOPLIST_FILE = bloodDonationAppTests/Info.plist;
				LD_RUNPATH_SEARCH_PATHS = "$(inherited) @executable_path/Frameworks @loader_path/Frameworks";
				PRODUCT_BUNDLE_IDENTIFIER = rahulAvale.bloodDonationAppTests;
				PRODUCT_NAME = "$(TARGET_NAME)";
				SWIFT_VERSION = 4.0;
				TARGETED_DEVICE_FAMILY = "1,2";
				TEST_HOST = "$(BUILT_PRODUCTS_DIR)/bloodDonationApp.app/bloodDonationApp";
			};
			name = Debug;
		};
		79F91D431FE73BF900F873B0 /* Release */ = {
			isa = XCBuildConfiguration;
			buildSettings = {
				ALWAYS_EMBED_SWIFT_STANDARD_LIBRARIES = YES;
				BUNDLE_LOADER = "$(TEST_HOST)";
				CODE_SIGN_STYLE = Automatic;
				INFOPLIST_FILE = bloodDonationAppTests/Info.plist;
				LD_RUNPATH_SEARCH_PATHS = "$(inherited) @executable_path/Frameworks @loader_path/Frameworks";
				PRODUCT_BUNDLE_IDENTIFIER = rahulAvale.bloodDonationAppTests;
				PRODUCT_NAME = "$(TARGET_NAME)";
				SWIFT_VERSION = 4.0;
				TARGETED_DEVICE_FAMILY = "1,2";
				TEST_HOST = "$(BUILT_PRODUCTS_DIR)/bloodDonationApp.app/bloodDonationApp";
			};
			name = Release;
		};
		79F91D451FE73BF900F873B0 /* Debug */ = {
			isa = XCBuildConfiguration;
			buildSettings = {
				ALWAYS_EMBED_SWIFT_STANDARD_LIBRARIES = YES;
				CODE_SIGN_STYLE = Automatic;
				INFOPLIST_FILE = bloodDonationAppUITests/Info.plist;
				LD_RUNPATH_SEARCH_PATHS = "$(inherited) @executable_path/Frameworks @loader_path/Frameworks";
				PRODUCT_BUNDLE_IDENTIFIER = rahulAvale.bloodDonationAppUITests;
				PRODUCT_NAME = "$(TARGET_NAME)";
				SWIFT_VERSION = 4.0;
				TARGETED_DEVICE_FAMILY = "1,2";
				TEST_TARGET_NAME = bloodDonationApp;
			};
			name = Debug;
		};
		79F91D461FE73BF900F873B0 /* Release */ = {
			isa = XCBuildConfiguration;
			buildSettings = {
				ALWAYS_EMBED_SWIFT_STANDARD_LIBRARIES = YES;
				CODE_SIGN_STYLE = Automatic;
				INFOPLIST_FILE = bloodDonationAppUITests/Info.plist;
				LD_RUNPATH_SEARCH_PATHS = "$(inherited) @executable_path/Frameworks @loader_path/Frameworks";
				PRODUCT_BUNDLE_IDENTIFIER = rahulAvale.bloodDonationAppUITests;
				PRODUCT_NAME = "$(TARGET_NAME)";
				SWIFT_VERSION = 4.0;
				TARGETED_DEVICE_FAMILY = "1,2";
				TEST_TARGET_NAME = bloodDonationApp;
			};
			name = Release;
		};
/* End XCBuildConfiguration section */

/* Begin XCConfigurationList section */
		79F91D111FE73BF900F873B0 /* Build configuration list for PBXProject "bloodDonationApp" */ = {
			isa = XCConfigurationList;
			buildConfigurations = (
				79F91D3C1FE73BF900F873B0 /* Debug */,
				79F91D3D1FE73BF900F873B0 /* Release */,
			);
			defaultConfigurationIsVisible = 0;
			defaultConfigurationName = Release;
		};
		79F91D3E1FE73BF900F873B0 /* Build configuration list for PBXNativeTarget "bloodDonationApp" */ = {
			isa = XCConfigurationList;
			buildConfigurations = (
				79F91D3F1FE73BF900F873B0 /* Debug */,
				79F91D401FE73BF900F873B0 /* Release */,
			);
			defaultConfigurationIsVisible = 0;
			defaultConfigurationName = Release;
		};
		79F91D411FE73BF900F873B0 /* Build configuration list for PBXNativeTarget "bloodDonationAppTests" */ = {
			isa = XCConfigurationList;
			buildConfigurations = (
				79F91D421FE73BF900F873B0 /* Debug */,
				79F91D431FE73BF900F873B0 /* Release */,
			);
			defaultConfigurationIsVisible = 0;
			defaultConfigurationName = Release;
		};
		79F91D441FE73BF900F873B0 /* Build configuration list for PBXNativeTarget "bloodDonationAppUITests" */ = {
			isa = XCConfigurationList;
			buildConfigurations = (
				79F91D451FE73BF900F873B0 /* Debug */,
				79F91D461FE73BF900F873B0 /* Release */,
			);
			defaultConfigurationIsVisible = 0;
			defaultConfigurationName = Release;
		};
/* End XCConfigurationList section */
	};
	rootObject = 79F91D0E1FE73BF900F873B0 /* Project object */;
}
